
Microsoft Visual Studio Solution File, Format Version 12.00
# Visual Studio 15
VisualStudioVersion = 15.0.28010.2048
MinimumVisualStudioVersion = 10.0.40219.1
Project("{FAE04EC0-301F-11D3-BF4B-00C04F79EFBC}") = "Encrypt Console", "Encrypt Console\Encrypt Console.csproj", "{CCA47A32-9E54-40F4-AE58-8F02BE1F06DF}"
EndProject
Global
	GlobalSection(SolutionConfigurationPlatforms) = preSolution
		Debug|Any CPU = Debug|Any CPU
		Release|Any CPU = Release|Any CPU
	EndGlobalSection
	GlobalSection(ProjectConfigurationPlatforms) = postSolution
		{CCA47A32-9E54-40F4-AE58-8F02BE1F06DF}.Debug|Any CPU.ActiveCfg = Debug|Any CPU
		{CCA47A32-9E54-40F4-AE58-8F02BE1F06DF}.Debug|Any CPU.Build.0 = Debug|Any CPU
		{CCA47A32-9E54-40F4-AE58-8F02BE1F06DF}.Release|Any CPU.ActiveCfg = Release|Any CPU
		{CCA47A32-9E54-40F4-AE58-8F02BE1F06DF}.Release|Any CPU.Build.0 = Release|Any CPU
	EndGlobalSection
	GlobalSection(SolutionProperties) = preSolution
		HideSolutionNode = FALSE
	EndGlobalSection
	GlobalSection(ExtensibilityGlobals) = postSolution
		SolutionGuid = {C86AE294-8A9A-48E0-9DD4-F01498A91FF9}
	EndGlobalSection
EndGlobal
